// !$*UTF8*$!
{
	archiveVersion = 1;
	classes = {
	};
	objectVersion = 56;
	objects = {

/* Begin PBXBuildFile section */
		7119FED62B8D246D00203D66 /* FirebaseAnalytics in Frameworks */ = {isa = PBXBuildFile; productRef = 7119FED52B8D246D00203D66 /* FirebaseAnalytics */; };
		7119FED82B8D246D00203D66 /* FirebaseAnalyticsOnDeviceConversion in Frameworks */ = {isa = PBXBuildFile; productRef = 7119FED72B8D246D00203D66 /* FirebaseAnalyticsOnDeviceConversion */; };
		7119FEDA2B8D246D00203D66 /* FirebaseAnalyticsSwift in Frameworks */ = {isa = PBXBuildFile; productRef = 7119FED92B8D246D00203D66 /* FirebaseAnalyticsSwift */; };
		7119FEDC2B8D246D00203D66 /* FirebaseAnalyticsWithoutAdIdSupport in Frameworks */ = {isa = PBXBuildFile; productRef = 7119FEDB2B8D246D00203D66 /* FirebaseAnalyticsWithoutAdIdSupport */; };
		7119FEDE2B8D246D00203D66 /* FirebaseAppCheck in Frameworks */ = {isa = PBXBuildFile; productRef = 7119FEDD2B8D246D00203D66 /* FirebaseAppCheck */; };
		7119FEE02B8D246D00203D66 /* FirebaseAppDistribution-Beta in Frameworks */ = {isa = PBXBuildFile; productRef = 7119FEDF2B8D246D00203D66 /* FirebaseAppDistribution-Beta */; };
		7119FEE22B8D246D00203D66 /* FirebaseAuth in Frameworks */ = {isa = PBXBuildFile; productRef = 7119FEE12B8D246D00203D66 /* FirebaseAuth */; };
		7119FEE42B8D246D00203D66 /* FirebaseAuthCombine-Community in Frameworks */ = {isa = PBXBuildFile; productRef = 7119FEE32B8D246D00203D66 /* FirebaseAuthCombine-Community */; };
		7119FEE62B8D246D00203D66 /* FirebaseCrashlytics in Frameworks */ = {isa = PBXBuildFile; productRef = 7119FEE52B8D246D00203D66 /* FirebaseCrashlytics */; };
		7119FEE82B8D246D00203D66 /* FirebaseDatabase in Frameworks */ = {isa = PBXBuildFile; productRef = 7119FEE72B8D246D00203D66 /* FirebaseDatabase */; };
		7119FEEA2B8D246D00203D66 /* FirebaseDatabaseSwift in Frameworks */ = {isa = PBXBuildFile; productRef = 7119FEE92B8D246D00203D66 /* FirebaseDatabaseSwift */; };
		7119FEEC2B8D246D00203D66 /* FirebaseDynamicLinks in Frameworks */ = {isa = PBXBuildFile; productRef = 7119FEEB2B8D246D00203D66 /* FirebaseDynamicLinks */; };
		7119FEEE2B8D246D00203D66 /* FirebaseFirestore in Frameworks */ = {isa = PBXBuildFile; productRef = 7119FEED2B8D246D00203D66 /* FirebaseFirestore */; };
		7119FEF02B8D246D00203D66 /* FirebaseFirestoreCombine-Community in Frameworks */ = {isa = PBXBuildFile; productRef = 7119FEEF2B8D246D00203D66 /* FirebaseFirestoreCombine-Community */; };
		7119FEF22B8D246D00203D66 /* FirebaseFirestoreSwift in Frameworks */ = {isa = PBXBuildFile; productRef = 7119FEF12B8D246D00203D66 /* FirebaseFirestoreSwift */; };
		7119FEF42B8D246D00203D66 /* FirebaseFunctions in Frameworks */ = {isa = PBXBuildFile; productRef = 7119FEF32B8D246D00203D66 /* FirebaseFunctions */; };
		7119FEF62B8D246D00203D66 /* FirebaseFunctionsCombine-Community in Frameworks */ = {isa = PBXBuildFile; productRef = 7119FEF52B8D246D00203D66 /* FirebaseFunctionsCombine-Community */; };
		7119FEF82B8D246D00203D66 /* FirebaseInAppMessaging-Beta in Frameworks */ = {isa = PBXBuildFile; productRef = 7119FEF72B8D246D00203D66 /* FirebaseInAppMessaging-Beta */; };
		7119FEFA2B8D246D00203D66 /* FirebaseInAppMessagingSwift-Beta in Frameworks */ = {isa = PBXBuildFile; productRef = 7119FEF92B8D246D00203D66 /* FirebaseInAppMessagingSwift-Beta */; };
		7119FEFC2B8D246D00203D66 /* FirebaseInstallations in Frameworks */ = {isa = PBXBuildFile; productRef = 7119FEFB2B8D246D00203D66 /* FirebaseInstallations */; };
		7119FEFE2B8D246D00203D66 /* FirebaseMLModelDownloader in Frameworks */ = {isa = PBXBuildFile; productRef = 7119FEFD2B8D246D00203D66 /* FirebaseMLModelDownloader */; };
		7119FF002B8D246D00203D66 /* FirebaseMessaging in Frameworks */ = {isa = PBXBuildFile; productRef = 7119FEFF2B8D246D00203D66 /* FirebaseMessaging */; };
		7119FF022B8D246D00203D66 /* FirebasePerformance in Frameworks */ = {isa = PBXBuildFile; productRef = 7119FF012B8D246D00203D66 /* FirebasePerformance */; };
		7119FF042B8D246D00203D66 /* FirebaseRemoteConfig in Frameworks */ = {isa = PBXBuildFile; productRef = 7119FF032B8D246D00203D66 /* FirebaseRemoteConfig */; };
		7119FF062B8D246D00203D66 /* FirebaseRemoteConfigSwift in Frameworks */ = {isa = PBXBuildFile; productRef = 7119FF052B8D246D00203D66 /* FirebaseRemoteConfigSwift */; };
		7119FF082B8D246D00203D66 /* FirebaseStorage in Frameworks */ = {isa = PBXBuildFile; productRef = 7119FF072B8D246D00203D66 /* FirebaseStorage */; };
		7119FF0A2B8D246D00203D66 /* FirebaseStorageCombine-Community in Frameworks */ = {isa = PBXBuildFile; productRef = 7119FF092B8D246D00203D66 /* FirebaseStorageCombine-Community */; };
		7119FF0C2B8D350200203D66 /* TrackerView.swift in Sources */ = {isa = PBXBuildFile; fileRef = 7119FF0B2B8D350200203D66 /* TrackerView.swift */; };
		718F11D22B86A791001EEB89 /* HomeView.swift in Sources */ = {isa = PBXBuildFile; fileRef = 718F11D12B86A791001EEB89 /* HomeView.swift */; };
		71BABD322B7D554E00904695 /* ecoVandyApp.swift in Sources */ = {isa = PBXBuildFile; fileRef = 71BABD312B7D554E00904695 /* ecoVandyApp.swift */; };
		71BABD342B7D554E00904695 /* ContentView.swift in Sources */ = {isa = PBXBuildFile; fileRef = 71BABD332B7D554E00904695 /* ContentView.swift */; };
		71BABD362B7D555000904695 /* Assets.xcassets in Resources */ = {isa = PBXBuildFile; fileRef = 71BABD352B7D555000904695 /* Assets.xcassets */; };
		71BABD392B7D555000904695 /* Preview Assets.xcassets in Resources */ = {isa = PBXBuildFile; fileRef = 71BABD382B7D555000904695 /* Preview Assets.xcassets */; };
		71BABD432B7D555000904695 /* ecoVandyTests.swift in Sources */ = {isa = PBXBuildFile; fileRef = 71BABD422B7D555000904695 /* ecoVandyTests.swift */; };
		71BABD4D2B7D555000904695 /* ecoVandyUITests.swift in Sources */ = {isa = PBXBuildFile; fileRef = 71BABD4C2B7D555000904695 /* ecoVandyUITests.swift */; };
		71BABD4F2B7D555000904695 /* ecoVandyUITestsLaunchTests.swift in Sources */ = {isa = PBXBuildFile; fileRef = 71BABD4E2B7D555000904695 /* ecoVandyUITestsLaunchTests.swift */; };
		B17DAE122B8E5C90002FEA6E /* AuthenticationViewModel.swift in Sources */ = {isa = PBXBuildFile; fileRef = B17DAE112B8E5C90002FEA6E /* AuthenticationViewModel.swift */; };
		B17DAE132B8E5C90002FEA6E /* AuthenticationViewModel.swift in Sources */ = {isa = PBXBuildFile; fileRef = B17DAE112B8E5C90002FEA6E /* AuthenticationViewModel.swift */; };
		B17DAE142B8E5C90002FEA6E /* AuthenticationViewModel.swift in Sources */ = {isa = PBXBuildFile; fileRef = B17DAE112B8E5C90002FEA6E /* AuthenticationViewModel.swift */; };
		B17DAE162B8E5E9E002FEA6E /* GoogleService-Info.plist in Resources */ = {isa = PBXBuildFile; fileRef = B17DAE152B8E5E9E002FEA6E /* GoogleService-Info.plist */; };
		B17DAE172B8E5E9E002FEA6E /* GoogleService-Info.plist in Resources */ = {isa = PBXBuildFile; fileRef = B17DAE152B8E5E9E002FEA6E /* GoogleService-Info.plist */; };
		B17DAE182B8E5E9E002FEA6E /* GoogleService-Info.plist in Resources */ = {isa = PBXBuildFile; fileRef = B17DAE152B8E5E9E002FEA6E /* GoogleService-Info.plist */; };
		B17DAE1B2B8E6107002FEA6E /* GoogleSignIn in Frameworks */ = {isa = PBXBuildFile; productRef = B17DAE1A2B8E6107002FEA6E /* GoogleSignIn */; };
		B17DAE1D2B8E6107002FEA6E /* GoogleSignInSwift in Frameworks */ = {isa = PBXBuildFile; productRef = B17DAE1C2B8E6107002FEA6E /* GoogleSignInSwift */; };
		B17DAE1F2B8E633F002FEA6E /* NotificationManager.swift in Sources */ = {isa = PBXBuildFile; fileRef = B17DAE1E2B8E633F002FEA6E /* NotificationManager.swift */; };
		B17DAE202B8E633F002FEA6E /* NotificationManager.swift in Sources */ = {isa = PBXBuildFile; fileRef = B17DAE1E2B8E633F002FEA6E /* NotificationManager.swift */; };
		B17DAE212B8E633F002FEA6E /* NotificationManager.swift in Sources */ = {isa = PBXBuildFile; fileRef = B17DAE1E2B8E633F002FEA6E /* NotificationManager.swift */; };
		B17DAE272B8E648F002FEA6E /* LoadingView.swift in Sources */ = {isa = PBXBuildFile; fileRef = B17DAE262B8E648F002FEA6E /* LoadingView.swift */; };
		B17DAE282B8E648F002FEA6E /* LoadingView.swift in Sources */ = {isa = PBXBuildFile; fileRef = B17DAE262B8E648F002FEA6E /* LoadingView.swift */; };
		B17DAE292B8E648F002FEA6E /* LoadingView.swift in Sources */ = {isa = PBXBuildFile; fileRef = B17DAE262B8E648F002FEA6E /* LoadingView.swift */; };
		B1B85D3F2B8EA42B0019E602 /* UserLoginView.swift in Sources */ = {isa = PBXBuildFile; fileRef = B1B85D3E2B8EA42B0019E602 /* UserLoginView.swift */; };
		B1BFED132B90E06F006EC0B7 /* CreateProfileView.swift in Sources */ = {isa = PBXBuildFile; fileRef = B1BFED122B90E06F006EC0B7 /* CreateProfileView.swift */; };
/* End PBXBuildFile section */

/* Begin PBXContainerItemProxy section */
		71BABD3F2B7D555000904695 /* PBXContainerItemProxy */ = {
			isa = PBXContainerItemProxy;
			containerPortal = 71BABD262B7D554E00904695 /* Project object */;
			proxyType = 1;
			remoteGlobalIDString = 71BABD2D2B7D554E00904695;
			remoteInfo = ecoVandy;
		};
		71BABD492B7D555000904695 /* PBXContainerItemProxy */ = {
			isa = PBXContainerItemProxy;
			containerPortal = 71BABD262B7D554E00904695 /* Project object */;
			proxyType = 1;
			remoteGlobalIDString = 71BABD2D2B7D554E00904695;
			remoteInfo = ecoVandy;
		};
/* End PBXContainerItemProxy section */

/* Begin PBXFileReference section */
		7119FF0B2B8D350200203D66 /* TrackerView.swift */ = {isa = PBXFileReference; lastKnownFileType = sourcecode.swift; path = TrackerView.swift; sourceTree = "<group>"; };
		718F11D12B86A791001EEB89 /* HomeView.swift */ = {isa = PBXFileReference; lastKnownFileType = sourcecode.swift; path = HomeView.swift; sourceTree = "<group>"; };
		71BABD2E2B7D554E00904695 /* ecoVandy.app */ = {isa = PBXFileReference; explicitFileType = wrapper.application; includeInIndex = 0; path = ecoVandy.app; sourceTree = BUILT_PRODUCTS_DIR; };
		71BABD312B7D554E00904695 /* ecoVandyApp.swift */ = {isa = PBXFileReference; lastKnownFileType = sourcecode.swift; path = ecoVandyApp.swift; sourceTree = "<group>"; };
		71BABD332B7D554E00904695 /* ContentView.swift */ = {isa = PBXFileReference; lastKnownFileType = sourcecode.swift; path = ContentView.swift; sourceTree = "<group>"; };
		71BABD352B7D555000904695 /* Assets.xcassets */ = {isa = PBXFileReference; lastKnownFileType = folder.assetcatalog; path = Assets.xcassets; sourceTree = "<group>"; };
		71BABD382B7D555000904695 /* Preview Assets.xcassets */ = {isa = PBXFileReference; lastKnownFileType = folder.assetcatalog; path = "Preview Assets.xcassets"; sourceTree = "<group>"; };
		71BABD3E2B7D555000904695 /* ecoVandyTests.xctest */ = {isa = PBXFileReference; explicitFileType = wrapper.cfbundle; includeInIndex = 0; path = ecoVandyTests.xctest; sourceTree = BUILT_PRODUCTS_DIR; };
		71BABD422B7D555000904695 /* ecoVandyTests.swift */ = {isa = PBXFileReference; lastKnownFileType = sourcecode.swift; path = ecoVandyTests.swift; sourceTree = "<group>"; };
		71BABD482B7D555000904695 /* ecoVandyUITests.xctest */ = {isa = PBXFileReference; explicitFileType = wrapper.cfbundle; includeInIndex = 0; path = ecoVandyUITests.xctest; sourceTree = BUILT_PRODUCTS_DIR; };
		71BABD4C2B7D555000904695 /* ecoVandyUITests.swift */ = {isa = PBXFileReference; lastKnownFileType = sourcecode.swift; path = ecoVandyUITests.swift; sourceTree = "<group>"; };
		71BABD4E2B7D555000904695 /* ecoVandyUITestsLaunchTests.swift */ = {isa = PBXFileReference; lastKnownFileType = sourcecode.swift; path = ecoVandyUITestsLaunchTests.swift; sourceTree = "<group>"; };
		B17DAE112B8E5C90002FEA6E /* AuthenticationViewModel.swift */ = {isa = PBXFileReference; lastKnownFileType = sourcecode.swift; path = AuthenticationViewModel.swift; sourceTree = "<group>"; };
		B17DAE152B8E5E9E002FEA6E /* GoogleService-Info.plist */ = {isa = PBXFileReference; fileEncoding = 4; lastKnownFileType = text.plist.xml; name = "GoogleService-Info.plist"; path = "../../../Downloads/GoogleService-Info.plist"; sourceTree = "<group>"; };
		B17DAE1E2B8E633F002FEA6E /* NotificationManager.swift */ = {isa = PBXFileReference; lastKnownFileType = sourcecode.swift; path = NotificationManager.swift; sourceTree = "<group>"; };
		B17DAE262B8E648F002FEA6E /* LoadingView.swift */ = {isa = PBXFileReference; lastKnownFileType = sourcecode.swift; path = LoadingView.swift; sourceTree = "<group>"; };
		B1B85D3E2B8EA42B0019E602 /* UserLoginView.swift */ = {isa = PBXFileReference; lastKnownFileType = sourcecode.swift; path = UserLoginView.swift; sourceTree = "<group>"; };
		B1BFED122B90E06F006EC0B7 /* CreateProfileView.swift */ = {isa = PBXFileReference; lastKnownFileType = sourcecode.swift; path = CreateProfileView.swift; sourceTree = "<group>"; };
/* End PBXFileReference section */

/* Begin PBXFrameworksBuildPhase section */
		71BABD2B2B7D554E00904695 /* Frameworks */ = {
			isa = PBXFrameworksBuildPhase;
			buildActionMask = 2147483647;
			files = (
				7119FEE82B8D246D00203D66 /* FirebaseDatabase in Frameworks */,
				7119FEF62B8D246D00203D66 /* FirebaseFunctionsCombine-Community in Frameworks */,
				7119FEEE2B8D246D00203D66 /* FirebaseFirestore in Frameworks */,
				7119FEDA2B8D246D00203D66 /* FirebaseAnalyticsSwift in Frameworks */,
				7119FED62B8D246D00203D66 /* FirebaseAnalytics in Frameworks */,
				7119FED82B8D246D00203D66 /* FirebaseAnalyticsOnDeviceConversion in Frameworks */,
				7119FEFE2B8D246D00203D66 /* FirebaseMLModelDownloader in Frameworks */,
				B17DAE1D2B8E6107002FEA6E /* GoogleSignInSwift in Frameworks */,
				7119FEF22B8D246D00203D66 /* FirebaseFirestoreSwift in Frameworks */,
				7119FEDE2B8D246D00203D66 /* FirebaseAppCheck in Frameworks */,
				7119FEDC2B8D246D00203D66 /* FirebaseAnalyticsWithoutAdIdSupport in Frameworks */,
				7119FEE22B8D246D00203D66 /* FirebaseAuth in Frameworks */,
				7119FEE62B8D246D00203D66 /* FirebaseCrashlytics in Frameworks */,
				7119FF062B8D246D00203D66 /* FirebaseRemoteConfigSwift in Frameworks */,
				B17DAE1B2B8E6107002FEA6E /* GoogleSignIn in Frameworks */,
				7119FEF82B8D246D00203D66 /* FirebaseInAppMessaging-Beta in Frameworks */,
				7119FEEA2B8D246D00203D66 /* FirebaseDatabaseSwift in Frameworks */,
				7119FEF42B8D246D00203D66 /* FirebaseFunctions in Frameworks */,
				7119FF0A2B8D246D00203D66 /* FirebaseStorageCombine-Community in Frameworks */,
				7119FF042B8D246D00203D66 /* FirebaseRemoteConfig in Frameworks */,
				7119FEE02B8D246D00203D66 /* FirebaseAppDistribution-Beta in Frameworks */,
				7119FEE42B8D246D00203D66 /* FirebaseAuthCombine-Community in Frameworks */,
				7119FF022B8D246D00203D66 /* FirebasePerformance in Frameworks */,
				7119FEFA2B8D246D00203D66 /* FirebaseInAppMessagingSwift-Beta in Frameworks */,
				7119FF082B8D246D00203D66 /* FirebaseStorage in Frameworks */,
				7119FEEC2B8D246D00203D66 /* FirebaseDynamicLinks in Frameworks */,
				7119FEF02B8D246D00203D66 /* FirebaseFirestoreCombine-Community in Frameworks */,
				7119FF002B8D246D00203D66 /* FirebaseMessaging in Frameworks */,
				7119FEFC2B8D246D00203D66 /* FirebaseInstallations in Frameworks */,
			);
			runOnlyForDeploymentPostprocessing = 0;
		};
		71BABD3B2B7D555000904695 /* Frameworks */ = {
			isa = PBXFrameworksBuildPhase;
			buildActionMask = 2147483647;
			files = (
			);
			runOnlyForDeploymentPostprocessing = 0;
		};
		71BABD452B7D555000904695 /* Frameworks */ = {
			isa = PBXFrameworksBuildPhase;
			buildActionMask = 2147483647;
			files = (
			);
			runOnlyForDeploymentPostprocessing = 0;
		};
/* End PBXFrameworksBuildPhase section */

/* Begin PBXGroup section */
		71BABD252B7D554E00904695 = {
			isa = PBXGroup;
			children = (
				71BABD302B7D554E00904695 /* ecoVandy */,
				71BABD412B7D555000904695 /* ecoVandyTests */,
				71BABD4B2B7D555000904695 /* ecoVandyUITests */,
				71BABD2F2B7D554E00904695 /* Products */,
			);
			sourceTree = "<group>";
		};
		71BABD2F2B7D554E00904695 /* Products */ = {
			isa = PBXGroup;
			children = (
				71BABD2E2B7D554E00904695 /* ecoVandy.app */,
				71BABD3E2B7D555000904695 /* ecoVandyTests.xctest */,
				71BABD482B7D555000904695 /* ecoVandyUITests.xctest */,
			);
			name = Products;
			sourceTree = "<group>";
		};
		71BABD302B7D554E00904695 /* ecoVandy */ = {
			isa = PBXGroup;
			children = (
				71BABD312B7D554E00904695 /* ecoVandyApp.swift */,
				71BABD332B7D554E00904695 /* ContentView.swift */,
				71BABD352B7D555000904695 /* Assets.xcassets */,
				71BABD372B7D555000904695 /* Preview Content */,
				718F11D12B86A791001EEB89 /* HomeView.swift */,
				7119FF0B2B8D350200203D66 /* TrackerView.swift */,
				B17DAE152B8E5E9E002FEA6E /* GoogleService-Info.plist */,
				B17DAE112B8E5C90002FEA6E /* AuthenticationViewModel.swift */,
				B17DAE1E2B8E633F002FEA6E /* NotificationManager.swift */,
				B17DAE262B8E648F002FEA6E /* LoadingView.swift */,
				B1B85D3E2B8EA42B0019E602 /* UserLoginView.swift */,
				B1BFED122B90E06F006EC0B7 /* CreateProfileView.swift */,
			);
			path = ecoVandy;
			sourceTree = "<group>";
		};
		71BABD372B7D555000904695 /* Preview Content */ = {
			isa = PBXGroup;
			children = (
				71BABD382B7D555000904695 /* Preview Assets.xcassets */,
			);
			path = "Preview Content";
			sourceTree = "<group>";
		};
		71BABD412B7D555000904695 /* ecoVandyTests */ = {
			isa = PBXGroup;
			children = (
				71BABD422B7D555000904695 /* ecoVandyTests.swift */,
			);
			path = ecoVandyTests;
			sourceTree = "<group>";
		};
		71BABD4B2B7D555000904695 /* ecoVandyUITests */ = {
			isa = PBXGroup;
			children = (
				71BABD4C2B7D555000904695 /* ecoVandyUITests.swift */,
				71BABD4E2B7D555000904695 /* ecoVandyUITestsLaunchTests.swift */,
			);
			path = ecoVandyUITests;
			sourceTree = "<group>";
		};
/* End PBXGroup section */

/* Begin PBXNativeTarget section */
		71BABD2D2B7D554E00904695 /* ecoVandy */ = {
			isa = PBXNativeTarget;
			buildConfigurationList = 71BABD522B7D555000904695 /* Build configuration list for PBXNativeTarget "ecoVandy" */;
			buildPhases = (
				71BABD2A2B7D554E00904695 /* Sources */,
				71BABD2B2B7D554E00904695 /* Frameworks */,
				71BABD2C2B7D554E00904695 /* Resources */,
			);
			buildRules = (
			);
			dependencies = (
			);
			name = ecoVandy;
			packageProductDependencies = (
				7119FED52B8D246D00203D66 /* FirebaseAnalytics */,
				7119FED72B8D246D00203D66 /* FirebaseAnalyticsOnDeviceConversion */,
				7119FED92B8D246D00203D66 /* FirebaseAnalyticsSwift */,
				7119FEDB2B8D246D00203D66 /* FirebaseAnalyticsWithoutAdIdSupport */,
				7119FEDD2B8D246D00203D66 /* FirebaseAppCheck */,
				7119FEDF2B8D246D00203D66 /* FirebaseAppDistribution-Beta */,
				7119FEE12B8D246D00203D66 /* FirebaseAuth */,
				7119FEE32B8D246D00203D66 /* FirebaseAuthCombine-Community */,
				7119FEE52B8D246D00203D66 /* FirebaseCrashlytics */,
				7119FEE72B8D246D00203D66 /* FirebaseDatabase */,
				7119FEE92B8D246D00203D66 /* FirebaseDatabaseSwift */,
				7119FEEB2B8D246D00203D66 /* FirebaseDynamicLinks */,
				7119FEED2B8D246D00203D66 /* FirebaseFirestore */,
				7119FEEF2B8D246D00203D66 /* FirebaseFirestoreCombine-Community */,
				7119FEF12B8D246D00203D66 /* FirebaseFirestoreSwift */,
				7119FEF32B8D246D00203D66 /* FirebaseFunctions */,
				7119FEF52B8D246D00203D66 /* FirebaseFunctionsCombine-Community */,
				7119FEF72B8D246D00203D66 /* FirebaseInAppMessaging-Beta */,
				7119FEF92B8D246D00203D66 /* FirebaseInAppMessagingSwift-Beta */,
				7119FEFB2B8D246D00203D66 /* FirebaseInstallations */,
				7119FEFD2B8D246D00203D66 /* FirebaseMLModelDownloader */,
				7119FEFF2B8D246D00203D66 /* FirebaseMessaging */,
				7119FF012B8D246D00203D66 /* FirebasePerformance */,
				7119FF032B8D246D00203D66 /* FirebaseRemoteConfig */,
				7119FF052B8D246D00203D66 /* FirebaseRemoteConfigSwift */,
				7119FF072B8D246D00203D66 /* FirebaseStorage */,
				7119FF092B8D246D00203D66 /* FirebaseStorageCombine-Community */,
				B17DAE1A2B8E6107002FEA6E /* GoogleSignIn */,
				B17DAE1C2B8E6107002FEA6E /* GoogleSignInSwift */,
			);
			productName = ecoVandy;
			productReference = 71BABD2E2B7D554E00904695 /* ecoVandy.app */;
			productType = "com.apple.product-type.application";
		};
		71BABD3D2B7D555000904695 /* ecoVandyTests */ = {
			isa = PBXNativeTarget;
			buildConfigurationList = 71BABD552B7D555000904695 /* Build configuration list for PBXNativeTarget "ecoVandyTests" */;
			buildPhases = (
				71BABD3A2B7D555000904695 /* Sources */,
				71BABD3B2B7D555000904695 /* Frameworks */,
				71BABD3C2B7D555000904695 /* Resources */,
			);
			buildRules = (
			);
			dependencies = (
				71BABD402B7D555000904695 /* PBXTargetDependency */,
			);
			name = ecoVandyTests;
			productName = ecoVandyTests;
			productReference = 71BABD3E2B7D555000904695 /* ecoVandyTests.xctest */;
			productType = "com.apple.product-type.bundle.unit-test";
		};
		71BABD472B7D555000904695 /* ecoVandyUITests */ = {
			isa = PBXNativeTarget;
			buildConfigurationList = 71BABD582B7D555000904695 /* Build configuration list for PBXNativeTarget "ecoVandyUITests" */;
			buildPhases = (
				71BABD442B7D555000904695 /* Sources */,
				71BABD452B7D555000904695 /* Frameworks */,
				71BABD462B7D555000904695 /* Resources */,
			);
			buildRules = (
			);
			dependencies = (
				71BABD4A2B7D555000904695 /* PBXTargetDependency */,
			);
			name = ecoVandyUITests;
			productName = ecoVandyUITests;
			productReference = 71BABD482B7D555000904695 /* ecoVandyUITests.xctest */;
			productType = "com.apple.product-type.bundle.ui-testing";
		};
/* End PBXNativeTarget section */

/* Begin PBXProject section */
		71BABD262B7D554E00904695 /* Project object */ = {
			isa = PBXProject;
			attributes = {
				BuildIndependentTargetsInParallel = 1;
				LastSwiftUpdateCheck = 1520;
				LastUpgradeCheck = 1520;
				TargetAttributes = {
					71BABD2D2B7D554E00904695 = {
						CreatedOnToolsVersion = 15.2;
					};
					71BABD3D2B7D555000904695 = {
						CreatedOnToolsVersion = 15.2;
						TestTargetID = 71BABD2D2B7D554E00904695;
					};
					71BABD472B7D555000904695 = {
						CreatedOnToolsVersion = 15.2;
						TestTargetID = 71BABD2D2B7D554E00904695;
					};
				};
			};
			buildConfigurationList = 71BABD292B7D554E00904695 /* Build configuration list for PBXProject "ecoVandy" */;
			compatibilityVersion = "Xcode 14.0";
			developmentRegion = en;
			hasScannedForEncodings = 0;
			knownRegions = (
				en,
				Base,
			);
			mainGroup = 71BABD252B7D554E00904695;
			packageReferences = (
				7119FED42B8D246D00203D66 /* XCRemoteSwiftPackageReference "firebase-ios-sdk" */,
				B17DAE192B8E6107002FEA6E /* XCRemoteSwiftPackageReference "GoogleSignIn-iOS" */,
			);
			productRefGroup = 71BABD2F2B7D554E00904695 /* Products */;
			projectDirPath = "";
			projectRoot = "";
			targets = (
				71BABD2D2B7D554E00904695 /* ecoVandy */,
				71BABD3D2B7D555000904695 /* ecoVandyTests */,
				71BABD472B7D555000904695 /* ecoVandyUITests */,
			);
		};
/* End PBXProject section */

/* Begin PBXResourcesBuildPhase section */
		71BABD2C2B7D554E00904695 /* Resources */ = {
			isa = PBXResourcesBuildPhase;
			buildActionMask = 2147483647;
			files = (
				71BABD392B7D555000904695 /* Preview Assets.xcassets in Resources */,
				71BABD362B7D555000904695 /* Assets.xcassets in Resources */,
				B17DAE162B8E5E9E002FEA6E /* GoogleService-Info.plist in Resources */,
			);
			runOnlyForDeploymentPostprocessing = 0;
		};
		71BABD3C2B7D555000904695 /* Resources */ = {
			isa = PBXResourcesBuildPhase;
			buildActionMask = 2147483647;
			files = (
				B17DAE172B8E5E9E002FEA6E /* GoogleService-Info.plist in Resources */,
			);
			runOnlyForDeploymentPostprocessing = 0;
		};
		71BABD462B7D555000904695 /* Resources */ = {
			isa = PBXResourcesBuildPhase;
			buildActionMask = 2147483647;
			files = (
				B17DAE182B8E5E9E002FEA6E /* GoogleService-Info.plist in Resources */,
			);
			runOnlyForDeploymentPostprocessing = 0;
		};
/* End PBXResourcesBuildPhase section */

/* Begin PBXSourcesBuildPhase section */
		71BABD2A2B7D554E00904695 /* Sources */ = {
			isa = PBXSourcesBuildPhase;
			buildActionMask = 2147483647;
			files = (
				B17DAE1F2B8E633F002FEA6E /* NotificationManager.swift in Sources */,
				718F11D22B86A791001EEB89 /* HomeView.swift in Sources */,
				B17DAE122B8E5C90002FEA6E /* AuthenticationViewModel.swift in Sources */,
				B1BFED132B90E06F006EC0B7 /* CreateProfileView.swift in Sources */,
				B1B85D3F2B8EA42B0019E602 /* UserLoginView.swift in Sources */,
				71BABD342B7D554E00904695 /* ContentView.swift in Sources */,
				B17DAE272B8E648F002FEA6E /* LoadingView.swift in Sources */,
				71BABD322B7D554E00904695 /* ecoVandyApp.swift in Sources */,
				7119FF0C2B8D350200203D66 /* TrackerView.swift in Sources */,
			);
			runOnlyForDeploymentPostprocessing = 0;
		};
		71BABD3A2B7D555000904695 /* Sources */ = {
			isa = PBXSourcesBuildPhase;
			buildActionMask = 2147483647;
			files = (
				B17DAE202B8E633F002FEA6E /* NotificationManager.swift in Sources */,
				B17DAE132B8E5C90002FEA6E /* AuthenticationViewModel.swift in Sources */,
				B17DAE282B8E648F002FEA6E /* LoadingView.swift in Sources */,
				71BABD432B7D555000904695 /* ecoVandyTests.swift in Sources */,
			);
			runOnlyForDeploymentPostprocessing = 0;
		};
		71BABD442B7D555000904695 /* Sources */ = {
			isa = PBXSourcesBuildPhase;
			buildActionMask = 2147483647;
			files = (
				B17DAE142B8E5C90002FEA6E /* AuthenticationViewModel.swift in Sources */,
				71BABD4F2B7D555000904695 /* ecoVandyUITestsLaunchTests.swift in Sources */,
				B17DAE212B8E633F002FEA6E /* NotificationManager.swift in Sources */,
				71BABD4D2B7D555000904695 /* ecoVandyUITests.swift in Sources */,
				B17DAE292B8E648F002FEA6E /* LoadingView.swift in Sources */,
			);
			runOnlyForDeploymentPostprocessing = 0;
		};
/* End PBXSourcesBuildPhase section */

/* Begin PBXTargetDependency section */
		71BABD402B7D555000904695 /* PBXTargetDependency */ = {
			isa = PBXTargetDependency;
			target = 71BABD2D2B7D554E00904695 /* ecoVandy */;
			targetProxy = 71BABD3F2B7D555000904695 /* PBXContainerItemProxy */;
		};
		71BABD4A2B7D555000904695 /* PBXTargetDependency */ = {
			isa = PBXTargetDependency;
			target = 71BABD2D2B7D554E00904695 /* ecoVandy */;
			targetProxy = 71BABD492B7D555000904695 /* PBXContainerItemProxy */;
		};
/* End PBXTargetDependency section */

/* Begin XCBuildConfiguration section */
		71BABD502B7D555000904695 /* Debug */ = {
			isa = XCBuildConfiguration;
			buildSettings = {
				ALWAYS_SEARCH_USER_PATHS = NO;
				ASSETCATALOG_COMPILER_GENERATE_SWIFT_ASSET_SYMBOL_EXTENSIONS = YES;
				CLANG_ANALYZER_NONNULL = YES;
				CLANG_ANALYZER_NUMBER_OBJECT_CONVERSION = YES_AGGRESSIVE;
				CLANG_CXX_LANGUAGE_STANDARD = "gnu++20";
				CLANG_ENABLE_MODULES = YES;
				CLANG_ENABLE_OBJC_ARC = YES;
				CLANG_ENABLE_OBJC_WEAK = YES;
				CLANG_WARN_BLOCK_CAPTURE_AUTORELEASING = YES;
				CLANG_WARN_BOOL_CONVERSION = YES;
				CLANG_WARN_COMMA = YES;
				CLANG_WARN_CONSTANT_CONVERSION = YES;
				CLANG_WARN_DEPRECATED_OBJC_IMPLEMENTATIONS = YES;
				CLANG_WARN_DIRECT_OBJC_ISA_USAGE = YES_ERROR;
				CLANG_WARN_DOCUMENTATION_COMMENTS = YES;
				CLANG_WARN_EMPTY_BODY = YES;
				CLANG_WARN_ENUM_CONVERSION = YES;
				CLANG_WARN_INFINITE_RECURSION = YES;
				CLANG_WARN_INT_CONVERSION = YES;
				CLANG_WARN_NON_LITERAL_NULL_CONVERSION = YES;
				CLANG_WARN_OBJC_IMPLICIT_RETAIN_SELF = YES;
				CLANG_WARN_OBJC_LITERAL_CONVERSION = YES;
				CLANG_WARN_OBJC_ROOT_CLASS = YES_ERROR;
				CLANG_WARN_QUOTED_INCLUDE_IN_FRAMEWORK_HEADER = YES;
				CLANG_WARN_RANGE_LOOP_ANALYSIS = YES;
				CLANG_WARN_STRICT_PROTOTYPES = YES;
				CLANG_WARN_SUSPICIOUS_MOVE = YES;
				CLANG_WARN_UNGUARDED_AVAILABILITY = YES_AGGRESSIVE;
				CLANG_WARN_UNREACHABLE_CODE = YES;
				CLANG_WARN__DUPLICATE_METHOD_MATCH = YES;
				COPY_PHASE_STRIP = NO;
				DEBUG_INFORMATION_FORMAT = dwarf;
				ENABLE_STRICT_OBJC_MSGSEND = YES;
				ENABLE_TESTABILITY = YES;
				ENABLE_USER_SCRIPT_SANDBOXING = YES;
				GCC_C_LANGUAGE_STANDARD = gnu17;
				GCC_DYNAMIC_NO_PIC = NO;
				GCC_NO_COMMON_BLOCKS = YES;
				GCC_OPTIMIZATION_LEVEL = 0;
				GCC_PREPROCESSOR_DEFINITIONS = (
					"DEBUG=1",
					"$(inherited)",
				);
				GCC_WARN_64_TO_32_BIT_CONVERSION = YES;
				GCC_WARN_ABOUT_RETURN_TYPE = YES_ERROR;
				GCC_WARN_UNDECLARED_SELECTOR = YES;
				GCC_WARN_UNINITIALIZED_AUTOS = YES_AGGRESSIVE;
				GCC_WARN_UNUSED_FUNCTION = YES;
				GCC_WARN_UNUSED_VARIABLE = YES;
				IPHONEOS_DEPLOYMENT_TARGET = 17.2;
				LOCALIZATION_PREFERS_STRING_CATALOGS = YES;
				MTL_ENABLE_DEBUG_INFO = INCLUDE_SOURCE;
				MTL_FAST_MATH = YES;
				ONLY_ACTIVE_ARCH = YES;
				SDKROOT = iphoneos;
				SWIFT_ACTIVE_COMPILATION_CONDITIONS = "DEBUG $(inherited)";
				SWIFT_OPTIMIZATION_LEVEL = "-Onone";
			};
			name = Debug;
		};
		71BABD512B7D555000904695 /* Release */ = {
			isa = XCBuildConfiguration;
			buildSettings = {
				ALWAYS_SEARCH_USER_PATHS = NO;
				ASSETCATALOG_COMPILER_GENERATE_SWIFT_ASSET_SYMBOL_EXTENSIONS = YES;
				CLANG_ANALYZER_NONNULL = YES;
				CLANG_ANALYZER_NUMBER_OBJECT_CONVERSION = YES_AGGRESSIVE;
				CLANG_CXX_LANGUAGE_STANDARD = "gnu++20";
				CLANG_ENABLE_MODULES = YES;
				CLANG_ENABLE_OBJC_ARC = YES;
				CLANG_ENABLE_OBJC_WEAK = YES;
				CLANG_WARN_BLOCK_CAPTURE_AUTORELEASING = YES;
				CLANG_WARN_BOOL_CONVERSION = YES;
				CLANG_WARN_COMMA = YES;
				CLANG_WARN_CONSTANT_CONVERSION = YES;
				CLANG_WARN_DEPRECATED_OBJC_IMPLEMENTATIONS = YES;
				CLANG_WARN_DIRECT_OBJC_ISA_USAGE = YES_ERROR;
				CLANG_WARN_DOCUMENTATION_COMMENTS = YES;
				CLANG_WARN_EMPTY_BODY = YES;
				CLANG_WARN_ENUM_CONVERSION = YES;
				CLANG_WARN_INFINITE_RECURSION = YES;
				CLANG_WARN_INT_CONVERSION = YES;
				CLANG_WARN_NON_LITERAL_NULL_CONVERSION = YES;
				CLANG_WARN_OBJC_IMPLICIT_RETAIN_SELF = YES;
				CLANG_WARN_OBJC_LITERAL_CONVERSION = YES;
				CLANG_WARN_OBJC_ROOT_CLASS = YES_ERROR;
				CLANG_WARN_QUOTED_INCLUDE_IN_FRAMEWORK_HEADER = YES;
				CLANG_WARN_RANGE_LOOP_ANALYSIS = YES;
				CLANG_WARN_STRICT_PROTOTYPES = YES;
				CLANG_WARN_SUSPICIOUS_MOVE = YES;
				CLANG_WARN_UNGUARDED_AVAILABILITY = YES_AGGRESSIVE;
				CLANG_WARN_UNREACHABLE_CODE = YES;
				CLANG_WARN__DUPLICATE_METHOD_MATCH = YES;
				COPY_PHASE_STRIP = NO;
				DEBUG_INFORMATION_FORMAT = "dwarf-with-dsym";
				ENABLE_NS_ASSERTIONS = NO;
				ENABLE_STRICT_OBJC_MSGSEND = YES;
				ENABLE_USER_SCRIPT_SANDBOXING = YES;
				GCC_C_LANGUAGE_STANDARD = gnu17;
				GCC_NO_COMMON_BLOCKS = YES;
				GCC_WARN_64_TO_32_BIT_CONVERSION = YES;
				GCC_WARN_ABOUT_RETURN_TYPE = YES_ERROR;
				GCC_WARN_UNDECLARED_SELECTOR = YES;
				GCC_WARN_UNINITIALIZED_AUTOS = YES_AGGRESSIVE;
				GCC_WARN_UNUSED_FUNCTION = YES;
				GCC_WARN_UNUSED_VARIABLE = YES;
				IPHONEOS_DEPLOYMENT_TARGET = 17.2;
				LOCALIZATION_PREFERS_STRING_CATALOGS = YES;
				MTL_ENABLE_DEBUG_INFO = NO;
				MTL_FAST_MATH = YES;
				SDKROOT = iphoneos;
				SWIFT_COMPILATION_MODE = wholemodule;
				VALIDATE_PRODUCT = YES;
			};
			name = Release;
		};
		71BABD532B7D555000904695 /* Debug */ = {
			isa = XCBuildConfiguration;
			buildSettings = {
				ASSETCATALOG_COMPILER_APPICON_NAME = AppIcon;
				ASSETCATALOG_COMPILER_GLOBAL_ACCENT_COLOR_NAME = AccentColor;
				CODE_SIGN_IDENTITY = "Apple Development";
				CODE_SIGN_STYLE = Automatic;
				CURRENT_PROJECT_VERSION = 1;
				DEVELOPMENT_ASSET_PATHS = "\"ecoVandy/Preview Content\"";
				DEVELOPMENT_TEAM = LJ244AK69T;
				ENABLE_PREVIEWS = YES;
				GENERATE_INFOPLIST_FILE = YES;
				INFOPLIST_KEY_UIApplicationSceneManifest_Generation = YES;
				INFOPLIST_KEY_UIApplicationSupportsIndirectInputEvents = YES;
				INFOPLIST_KEY_UILaunchScreen_Generation = YES;
				INFOPLIST_KEY_UISupportedInterfaceOrientations_iPad = "UIInterfaceOrientationPortrait UIInterfaceOrientationPortraitUpsideDown UIInterfaceOrientationLandscapeLeft UIInterfaceOrientationLandscapeRight";
				INFOPLIST_KEY_UISupportedInterfaceOrientations_iPhone = "UIInterfaceOrientationPortrait UIInterfaceOrientationLandscapeLeft UIInterfaceOrientationLandscapeRight";
				IPHONEOS_DEPLOYMENT_TARGET = 16.0;
				LD_RUNPATH_SEARCH_PATHS = (
					"$(inherited)",
					"@executable_path/Frameworks",
				);
				MARKETING_VERSION = 1.0;
				PRODUCT_BUNDLE_IDENTIFIER = com.SophiaFayer.ecoVandy;
				PRODUCT_NAME = "$(TARGET_NAME)";
				PROVISIONING_PROFILE_SPECIFIER = "";
				SWIFT_EMIT_LOC_STRINGS = YES;
				SWIFT_VERSION = 5.0;
				TARGETED_DEVICE_FAMILY = "1,2";
				TVOS_DEPLOYMENT_TARGET = 17.0;
			};
			name = Debug;
		};
		71BABD542B7D555000904695 /* Release */ = {
			isa = XCBuildConfiguration;
			buildSettings = {
				ASSETCATALOG_COMPILER_APPICON_NAME = AppIcon;
				ASSETCATALOG_COMPILER_GLOBAL_ACCENT_COLOR_NAME = AccentColor;
				CODE_SIGN_IDENTITY = "Apple Development";
				CODE_SIGN_STYLE = Automatic;
				CURRENT_PROJECT_VERSION = 1;
				DEVELOPMENT_ASSET_PATHS = "\"ecoVandy/Preview Content\"";
				DEVELOPMENT_TEAM = LJ244AK69T;
				ENABLE_PREVIEWS = YES;
				GENERATE_INFOPLIST_FILE = YES;
				INFOPLIST_KEY_UIApplicationSceneManifest_Generation = YES;
				INFOPLIST_KEY_UIApplicationSupportsIndirectInputEvents = YES;
				INFOPLIST_KEY_UILaunchScreen_Generation = YES;
				INFOPLIST_KEY_UISupportedInterfaceOrientations_iPad = "UIInterfaceOrientationPortrait UIInterfaceOrientationPortraitUpsideDown UIInterfaceOrientationLandscapeLeft UIInterfaceOrientationLandscapeRight";
				INFOPLIST_KEY_UISupportedInterfaceOrientations_iPhone = "UIInterfaceOrientationPortrait UIInterfaceOrientationLandscapeLeft UIInterfaceOrientationLandscapeRight";
				IPHONEOS_DEPLOYMENT_TARGET = 16.0;
				LD_RUNPATH_SEARCH_PATHS = (
					"$(inherited)",
					"@executable_path/Frameworks",
				);
				MARKETING_VERSION = 1.0;
				PRODUCT_BUNDLE_IDENTIFIER = com.ecoVandy;
				PRODUCT_NAME = "$(TARGET_NAME)";
				PROVISIONING_PROFILE_SPECIFIER = "";
				SWIFT_EMIT_LOC_STRINGS = YES;
				SWIFT_VERSION = 5.0;
				TARGETED_DEVICE_FAMILY = "1,2";
				TVOS_DEPLOYMENT_TARGET = 17.0;
			};
			name = Release;
		};
		71BABD562B7D555000904695 /* Debug */ = {
			isa = XCBuildConfiguration;
			buildSettings = {
				ALWAYS_EMBED_SWIFT_STANDARD_LIBRARIES = YES;
				BUNDLE_LOADER = "$(TEST_HOST)";
				CODE_SIGN_STYLE = Automatic;
				CURRENT_PROJECT_VERSION = 1;
				GENERATE_INFOPLIST_FILE = YES;
				IPHONEOS_DEPLOYMENT_TARGET = 17.2;
				MARKETING_VERSION = 1.0;
				PRODUCT_BUNDLE_IDENTIFIER = com.example.ecoVandyTests;
				PRODUCT_NAME = "$(TARGET_NAME)";
				SWIFT_EMIT_LOC_STRINGS = NO;
				SWIFT_VERSION = 5.0;
				TARGETED_DEVICE_FAMILY = "1,2";
				TEST_HOST = "$(BUILT_PRODUCTS_DIR)/ecoVandy.app/$(BUNDLE_EXECUTABLE_FOLDER_PATH)/ecoVandy";
			};
			name = Debug;
		};
		71BABD572B7D555000904695 /* Release */ = {
			isa = XCBuildConfiguration;
			buildSettings = {
				ALWAYS_EMBED_SWIFT_STANDARD_LIBRARIES = YES;
				BUNDLE_LOADER = "$(TEST_HOST)";
				CODE_SIGN_STYLE = Automatic;
				CURRENT_PROJECT_VERSION = 1;
				GENERATE_INFOPLIST_FILE = YES;
				IPHONEOS_DEPLOYMENT_TARGET = 17.2;
				MARKETING_VERSION = 1.0;
				PRODUCT_BUNDLE_IDENTIFIER = com.example.ecoVandyTests;
				PRODUCT_NAME = "$(TARGET_NAME)";
				SWIFT_EMIT_LOC_STRINGS = NO;
				SWIFT_VERSION = 5.0;
				TARGETED_DEVICE_FAMILY = "1,2";
				TEST_HOST = "$(BUILT_PRODUCTS_DIR)/ecoVandy.app/$(BUNDLE_EXECUTABLE_FOLDER_PATH)/ecoVandy";
			};
			name = Release;
		};
		71BABD592B7D555000904695 /* Debug */ = {
			isa = XCBuildConfiguration;
			buildSettings = {
				ALWAYS_EMBED_SWIFT_STANDARD_LIBRARIES = YES;
				CODE_SIGN_STYLE = Automatic;
				CURRENT_PROJECT_VERSION = 1;
				GENERATE_INFOPLIST_FILE = YES;
				MARKETING_VERSION = 1.0;
				PRODUCT_BUNDLE_IDENTIFIER = com.example.ecoVandyUITests;
				PRODUCT_NAME = "$(TARGET_NAME)";
				SWIFT_EMIT_LOC_STRINGS = NO;
				SWIFT_VERSION = 5.0;
				TARGETED_DEVICE_FAMILY = "1,2";
				TEST_TARGET_NAME = ecoVandy;
			};
			name = Debug;
		};
		71BABD5A2B7D555000904695 /* Release */ = {
			isa = XCBuildConfiguration;
			buildSettings = {
				ALWAYS_EMBED_SWIFT_STANDARD_LIBRARIES = YES;
				CODE_SIGN_STYLE = Automatic;
				CURRENT_PROJECT_VERSION = 1;
				GENERATE_INFOPLIST_FILE = YES;
				MARKETING_VERSION = 1.0;
				PRODUCT_BUNDLE_IDENTIFIER = com.example.ecoVandyUITests;
				PRODUCT_NAME = "$(TARGET_NAME)";
				SWIFT_EMIT_LOC_STRINGS = NO;
				SWIFT_VERSION = 5.0;
				TARGETED_DEVICE_FAMILY = "1,2";
				TEST_TARGET_NAME = ecoVandy;
			};
			name = Release;
		};
/* End XCBuildConfiguration section */

/* Begin XCConfigurationList section */
		71BABD292B7D554E00904695 /* Build configuration list for PBXProject "ecoVandy" */ = {
			isa = XCConfigurationList;
			buildConfigurations = (
				71BABD502B7D555000904695 /* Debug */,
				71BABD512B7D555000904695 /* Release */,
			);
			defaultConfigurationIsVisible = 0;
			defaultConfigurationName = Release;
		};
		71BABD522B7D555000904695 /* Build configuration list for PBXNativeTarget "ecoVandy" */ = {
			isa = XCConfigurationList;
			buildConfigurations = (
				71BABD532B7D555000904695 /* Debug */,
				71BABD542B7D555000904695 /* Release */,
			);
			defaultConfigurationIsVisible = 0;
			defaultConfigurationName = Release;
		};
		71BABD552B7D555000904695 /* Build configuration list for PBXNativeTarget "ecoVandyTests" */ = {
			isa = XCConfigurationList;
			buildConfigurations = (
				71BABD562B7D555000904695 /* Debug */,
				71BABD572B7D555000904695 /* Release */,
			);
			defaultConfigurationIsVisible = 0;
			defaultConfigurationName = Release;
		};
		71BABD582B7D555000904695 /* Build configuration list for PBXNativeTarget "ecoVandyUITests" */ = {
			isa = XCConfigurationList;
			buildConfigurations = (
				71BABD592B7D555000904695 /* Debug */,
				71BABD5A2B7D555000904695 /* Release */,
			);
			defaultConfigurationIsVisible = 0;
			defaultConfigurationName = Release;
		};
/* End XCConfigurationList section */

/* Begin XCRemoteSwiftPackageReference section */
		7119FED42B8D246D00203D66 /* XCRemoteSwiftPackageReference "firebase-ios-sdk" */ = {
			isa = XCRemoteSwiftPackageReference;
			repositoryURL = "https://github.com/firebase/firebase-ios-sdk";
			requirement = {
				kind = upToNextMajorVersion;
				minimumVersion = 10.21.0;
			};
		};
		B17DAE192B8E6107002FEA6E /* XCRemoteSwiftPackageReference "GoogleSignIn-iOS" */ = {
			isa = XCRemoteSwiftPackageReference;
			repositoryURL = "https://github.com/google/GoogleSignIn-iOS";
			requirement = {
				kind = upToNextMajorVersion;
				minimumVersion = 7.0.0;
			};
		};
/* End XCRemoteSwiftPackageReference section */

/* Begin XCSwiftPackageProductDependency section */
		7119FED52B8D246D00203D66 /* FirebaseAnalytics */ = {
			isa = XCSwiftPackageProductDependency;
			package = 7119FED42B8D246D00203D66 /* XCRemoteSwiftPackageReference "firebase-ios-sdk" */;
			productName = FirebaseAnalytics;
		};
		7119FED72B8D246D00203D66 /* FirebaseAnalyticsOnDeviceConversion */ = {
			isa = XCSwiftPackageProductDependency;
			package = 7119FED42B8D246D00203D66 /* XCRemoteSwiftPackageReference "firebase-ios-sdk" */;
			productName = FirebaseAnalyticsOnDeviceConversion;
		};
		7119FED92B8D246D00203D66 /* FirebaseAnalyticsSwift */ = {
			isa = XCSwiftPackageProductDependency;
			package = 7119FED42B8D246D00203D66 /* XCRemoteSwiftPackageReference "firebase-ios-sdk" */;
			productName = FirebaseAnalyticsSwift;
		};
		7119FEDB2B8D246D00203D66 /* FirebaseAnalyticsWithoutAdIdSupport */ = {
			isa = XCSwiftPackageProductDependency;
			package = 7119FED42B8D246D00203D66 /* XCRemoteSwiftPackageReference "firebase-ios-sdk" */;
			productName = FirebaseAnalyticsWithoutAdIdSupport;
		};
		7119FEDD2B8D246D00203D66 /* FirebaseAppCheck */ = {
			isa = XCSwiftPackageProductDependency;
			package = 7119FED42B8D246D00203D66 /* XCRemoteSwiftPackageReference "firebase-ios-sdk" */;
			productName = FirebaseAppCheck;
		};
		7119FEDF2B8D246D00203D66 /* FirebaseAppDistribution-Beta */ = {
			isa = XCSwiftPackageProductDependency;
			package = 7119FED42B8D246D00203D66 /* XCRemoteSwiftPackageReference "firebase-ios-sdk" */;
			productName = "FirebaseAppDistribution-Beta";
		};
		7119FEE12B8D246D00203D66 /* FirebaseAuth */ = {
			isa = XCSwiftPackageProductDependency;
			package = 7119FED42B8D246D00203D66 /* XCRemoteSwiftPackageReference "firebase-ios-sdk" */;
			productName = FirebaseAuth;
		};
		7119FEE32B8D246D00203D66 /* FirebaseAuthCombine-Community */ = {
			isa = XCSwiftPackageProductDependency;
			package = 7119FED42B8D246D00203D66 /* XCRemoteSwiftPackageReference "firebase-ios-sdk" */;
			productName = "FirebaseAuthCombine-Community";
		};
		7119FEE52B8D246D00203D66 /* FirebaseCrashlytics */ = {
			isa = XCSwiftPackageProductDependency;
			package = 7119FED42B8D246D00203D66 /* XCRemoteSwiftPackageReference "firebase-ios-sdk" */;
			productName = FirebaseCrashlytics;
		};
		7119FEE72B8D246D00203D66 /* FirebaseDatabase */ = {
			isa = XCSwiftPackageProductDependency;
			package = 7119FED42B8D246D00203D66 /* XCRemoteSwiftPackageReference "firebase-ios-sdk" */;
			productName = FirebaseDatabase;
		};
		7119FEE92B8D246D00203D66 /* FirebaseDatabaseSwift */ = {
			isa = XCSwiftPackageProductDependency;
			package = 7119FED42B8D246D00203D66 /* XCRemoteSwiftPackageReference "firebase-ios-sdk" */;
			productName = FirebaseDatabaseSwift;
		};
		7119FEEB2B8D246D00203D66 /* FirebaseDynamicLinks */ = {
			isa = XCSwiftPackageProductDependency;
			package = 7119FED42B8D246D00203D66 /* XCRemoteSwiftPackageReference "firebase-ios-sdk" */;
			productName = FirebaseDynamicLinks;
		};
		7119FEED2B8D246D00203D66 /* FirebaseFirestore */ = {
			isa = XCSwiftPackageProductDependency;
			package = 7119FED42B8D246D00203D66 /* XCRemoteSwiftPackageReference "firebase-ios-sdk" */;
			productName = FirebaseFirestore;
		};
		7119FEEF2B8D246D00203D66 /* FirebaseFirestoreCombine-Community */ = {
			isa = XCSwiftPackageProductDependency;
			package = 7119FED42B8D246D00203D66 /* XCRemoteSwiftPackageReference "firebase-ios-sdk" */;
			productName = "FirebaseFirestoreCombine-Community";
		};
		7119FEF12B8D246D00203D66 /* FirebaseFirestoreSwift */ = {
			isa = XCSwiftPackageProductDependency;
			package = 7119FED42B8D246D00203D66 /* XCRemoteSwiftPackageReference "firebase-ios-sdk" */;
			productName = FirebaseFirestoreSwift;
		};
		7119FEF32B8D246D00203D66 /* FirebaseFunctions */ = {
			isa = XCSwiftPackageProductDependency;
			package = 7119FED42B8D246D00203D66 /* XCRemoteSwiftPackageReference "firebase-ios-sdk" */;
			productName = FirebaseFunctions;
		};
		7119FEF52B8D246D00203D66 /* FirebaseFunctionsCombine-Community */ = {
			isa = XCSwiftPackageProductDependency;
			package = 7119FED42B8D246D00203D66 /* XCRemoteSwiftPackageReference "firebase-ios-sdk" */;
			productName = "FirebaseFunctionsCombine-Community";
		};
		7119FEF72B8D246D00203D66 /* FirebaseInAppMessaging-Beta */ = {
			isa = XCSwiftPackageProductDependency;
			package = 7119FED42B8D246D00203D66 /* XCRemoteSwiftPackageReference "firebase-ios-sdk" */;
			productName = "FirebaseInAppMessaging-Beta";
		};
		7119FEF92B8D246D00203D66 /* FirebaseInAppMessagingSwift-Beta */ = {
			isa = XCSwiftPackageProductDependency;
			package = 7119FED42B8D246D00203D66 /* XCRemoteSwiftPackageReference "firebase-ios-sdk" */;
			productName = "FirebaseInAppMessagingSwift-Beta";
		};
		7119FEFB2B8D246D00203D66 /* FirebaseInstallations */ = {
			isa = XCSwiftPackageProductDependency;
			package = 7119FED42B8D246D00203D66 /* XCRemoteSwiftPackageReference "firebase-ios-sdk" */;
			productName = FirebaseInstallations;
		};
		7119FEFD2B8D246D00203D66 /* FirebaseMLModelDownloader */ = {
			isa = XCSwiftPackageProductDependency;
			package = 7119FED42B8D246D00203D66 /* XCRemoteSwiftPackageReference "firebase-ios-sdk" */;
			productName = FirebaseMLModelDownloader;
		};
		7119FEFF2B8D246D00203D66 /* FirebaseMessaging */ = {
			isa = XCSwiftPackageProductDependency;
			package = 7119FED42B8D246D00203D66 /* XCRemoteSwiftPackageReference "firebase-ios-sdk" */;
			productName = FirebaseMessaging;
		};
		7119FF012B8D246D00203D66 /* FirebasePerformance */ = {
			isa = XCSwiftPackageProductDependency;
			package = 7119FED42B8D246D00203D66 /* XCRemoteSwiftPackageReference "firebase-ios-sdk" */;
			productName = FirebasePerformance;
		};
		7119FF032B8D246D00203D66 /* FirebaseRemoteConfig */ = {
			isa = XCSwiftPackageProductDependency;
			package = 7119FED42B8D246D00203D66 /* XCRemoteSwiftPackageReference "firebase-ios-sdk" */;
			productName = FirebaseRemoteConfig;
		};
		7119FF052B8D246D00203D66 /* FirebaseRemoteConfigSwift */ = {
			isa = XCSwiftPackageProductDependency;
			package = 7119FED42B8D246D00203D66 /* XCRemoteSwiftPackageReference "firebase-ios-sdk" */;
			productName = FirebaseRemoteConfigSwift;
		};
		7119FF072B8D246D00203D66 /* FirebaseStorage */ = {
			isa = XCSwiftPackageProductDependency;
			package = 7119FED42B8D246D00203D66 /* XCRemoteSwiftPackageReference "firebase-ios-sdk" */;
			productName = FirebaseStorage;
		};
		7119FF092B8D246D00203D66 /* FirebaseStorageCombine-Community */ = {
			isa = XCSwiftPackageProductDependency;
			package = 7119FED42B8D246D00203D66 /* XCRemoteSwiftPackageReference "firebase-ios-sdk" */;
			productName = "FirebaseStorageCombine-Community";
		};
		B17DAE1A2B8E6107002FEA6E /* GoogleSignIn */ = {
			isa = XCSwiftPackageProductDependency;
			package = B17DAE192B8E6107002FEA6E /* XCRemoteSwiftPackageReference "GoogleSignIn-iOS" */;
			productName = GoogleSignIn;
		};
		B17DAE1C2B8E6107002FEA6E /* GoogleSignInSwift */ = {
			isa = XCSwiftPackageProductDependency;
			package = B17DAE192B8E6107002FEA6E /* XCRemoteSwiftPackageReference "GoogleSignIn-iOS" */;
			productName = GoogleSignInSwift;
		};
/* End XCSwiftPackageProductDependency section */
	};
	rootObject = 71BABD262B7D554E00904695 /* Project object */;
}
